
Microsoft Visual Studio Solution File, Format Version 12.00
# Visual Studio Version 16
VisualStudioVersion = 16.0.29609.76
MinimumVisualStudioVersion = 10.0.40219.1
Project("{FAE04EC0-301F-11D3-BF4B-00C04F79EFBC}") = "DLL", "DLL\DLL.csproj", "{B6F3A2EB-949F-4314-A857-7C796F70E3A8}"
EndProject
Global
	GlobalSection(SolutionConfigurationPlatforms) = preSolution
		Debug|Any CPU = Debug|Any CPU
		Release|Any CPU = Release|Any CPU
	EndGlobalSection
	GlobalSection(ProjectConfigurationPlatforms) = postSolution
		{B6F3A2EB-949F-4314-A857-7C796F70E3A8}.Debug|Any CPU.ActiveCfg = Debug|Any CPU
		{B6F3A2EB-949F-4314-A857-7C796F70E3A8}.Debug|Any CPU.Build.0 = Debug|Any CPU
		{B6F3A2EB-949F-4314-A857-7C796F70E3A8}.Release|Any CPU.ActiveCfg = Release|Any CPU
		{B6F3A2EB-949F-4314-A857-7C796F70E3A8}.Release|Any CPU.Build.0 = Release|Any CPU
	EndGlobalSection
	GlobalSection(SolutionProperties) = preSolution
		HideSolutionNode = FALSE
	EndGlobalSection
	GlobalSection(ExtensibilityGlobals) = postSolution
		SolutionGuid = {68DA4FDA-CBC3-4FCD-A3EB-42C890285240}
	EndGlobalSection
EndGlobal
